{
  "name": "scanner",
  "version": "1.0.0",
  "lockfileVersion": 3,
  "requires": true,
  "packages": {
    "": {
      "name": "scanner",
      "version": "1.0.0",
      "hasInstallScript": true,
      "dependencies": {
        "scanbot-web-sdk": "^7.2.0"
      }
    },
    "node_modules/scanbot-web-sdk": {
      "version": "7.2.0",
      "resolved": "https://registry.npmjs.org/scanbot-web-sdk/-/scanbot-web-sdk-7.2.0.tgz",
      "integrity": "sha512-7RLSBAEhEqYghnOrfWCxCl5uowppALcm58trmbc+48RVmUMWEUYNyF4GU57zohXPdEniBqJ/kAuRNckX/Jb7zQ==",
      "license": "Commercial"
    }
  }
}
